
Microsoft Visual Studio Solution File, Format Version 12.00
# Visual Studio 14
VisualStudioVersion = 14.0.25420.1
MinimumVisualStudioVersion = 10.0.40219.1
Project("{FAE04EC0-301F-11D3-BF4B-00C04F79EFBC}") = "PackageHelper", "PackageHelper\PackageHelper.csproj", "{E94E53E3-40F3-4480-B1FE-3077A81C5B4A}"
EndProject
Project("{FAE04EC0-301F-11D3-BF4B-00C04F79EFBC}") = "QPackaging", "QPackaging\QPackaging.csproj", "{49B86034-87C5-43D2-9AD1-223A65941F63}"
EndProject
Global
	GlobalSection(SolutionConfigurationPlatforms) = preSolution
		Debug|Any CPU = Debug|Any CPU
		Release|Any CPU = Release|Any CPU
	EndGlobalSection
	GlobalSection(ProjectConfigurationPlatforms) = postSolution
		{E94E53E3-40F3-4480-B1FE-3077A81C5B4A}.Debug|Any CPU.ActiveCfg = Debug|Any CPU
		{E94E53E3-40F3-4480-B1FE-3077A81C5B4A}.Debug|Any CPU.Build.0 = Debug|Any CPU
		{E94E53E3-40F3-4480-B1FE-3077A81C5B4A}.Release|Any CPU.ActiveCfg = Release|Any CPU
		{E94E53E3-40F3-4480-B1FE-3077A81C5B4A}.Release|Any CPU.Build.0 = Release|Any CPU
		{49B86034-87C5-43D2-9AD1-223A65941F63}.Debug|Any CPU.ActiveCfg = Debug|Any CPU
		{49B86034-87C5-43D2-9AD1-223A65941F63}.Debug|Any CPU.Build.0 = Debug|Any CPU
		{49B86034-87C5-43D2-9AD1-223A65941F63}.Release|Any CPU.ActiveCfg = Release|Any CPU
		{49B86034-87C5-43D2-9AD1-223A65941F63}.Release|Any CPU.Build.0 = Release|Any CPU
	EndGlobalSection
	GlobalSection(SolutionProperties) = preSolution
		HideSolutionNode = FALSE
	EndGlobalSection
EndGlobal
